
Microsoft Visual Studio Solution File, Format Version 12.00
# Visual Studio Version 17
VisualStudioVersion = 17.9.34728.123
MinimumVisualStudioVersion = 10.0.40219.1
Project("{2150E333-8FDC-42A3-9474-1A3956D46DE8}") = "Mircoservices", "Mircoservices", "{A0DA73F3-BD69-4415-8E7D-17D1A4ACBCFD}"
EndProject
Project("{FAE04EC0-301F-11D3-BF4B-00C04F79EFBC}") = "CustomerWebAPI", "CustomerWebAPI\CustomerWebAPI.csproj", "{142BBCD8-DE13-492C-B2A0-DDB6A3B1303B}"
EndProject
Global
	GlobalSection(SolutionConfigurationPlatforms) = preSolution
		Debug|Any CPU = Debug|Any CPU
		Release|Any CPU = Release|Any CPU
	EndGlobalSection
	GlobalSection(ProjectConfigurationPlatforms) = postSolution
		{142BBCD8-DE13-492C-B2A0-DDB6A3B1303B}.Debug|Any CPU.ActiveCfg = Debug|Any CPU
		{142BBCD8-DE13-492C-B2A0-DDB6A3B1303B}.Debug|Any CPU.Build.0 = Debug|Any CPU
		{142BBCD8-DE13-492C-B2A0-DDB6A3B1303B}.Release|Any CPU.ActiveCfg = Release|Any CPU
		{142BBCD8-DE13-492C-B2A0-DDB6A3B1303B}.Release|Any CPU.Build.0 = Release|Any CPU
	EndGlobalSection
	GlobalSection(SolutionProperties) = preSolution
		HideSolutionNode = FALSE
	EndGlobalSection
	GlobalSection(NestedProjects) = preSolution
		{142BBCD8-DE13-492C-B2A0-DDB6A3B1303B} = {A0DA73F3-BD69-4415-8E7D-17D1A4ACBCFD}
	EndGlobalSection
	GlobalSection(ExtensibilityGlobals) = postSolution
		SolutionGuid = {6702127F-2186-4319-9685-692885795B98}
	EndGlobalSection
EndGlobal
